
Microsoft Visual Studio Solution File, Format Version 12.00
# Visual Studio Version 16
VisualStudioVersion = 16.0.30621.155
MinimumVisualStudioVersion = 10.0.40219.1
Project("{FAE04EC0-301F-11D3-BF4B-00C04F79EFBC}") = "evenoddnumbers", "evenoddnumbers\evenoddnumbers.csproj", "{BE4D8ADE-2CF8-427A-84A5-19D1C7772644}"
EndProject
Global
	GlobalSection(SolutionConfigurationPlatforms) = preSolution
		Debug|Any CPU = Debug|Any CPU
		Release|Any CPU = Release|Any CPU
	EndGlobalSection
	GlobalSection(ProjectConfigurationPlatforms) = postSolution
		{BE4D8ADE-2CF8-427A-84A5-19D1C7772644}.Debug|Any CPU.ActiveCfg = Debug|Any CPU
		{BE4D8ADE-2CF8-427A-84A5-19D1C7772644}.Debug|Any CPU.Build.0 = Debug|Any CPU
		{BE4D8ADE-2CF8-427A-84A5-19D1C7772644}.Release|Any CPU.ActiveCfg = Release|Any CPU
		{BE4D8ADE-2CF8-427A-84A5-19D1C7772644}.Release|Any CPU.Build.0 = Release|Any CPU
	EndGlobalSection
	GlobalSection(SolutionProperties) = preSolution
		HideSolutionNode = FALSE
	EndGlobalSection
	GlobalSection(ExtensibilityGlobals) = postSolution
		SolutionGuid = {648DA7E8-87A9-4670-9FD8-F2F65ACC6DB4}
	EndGlobalSection
EndGlobal
